// !$*UTF8*$!
{
	archiveVersion = 1;
	classes = {
	};
	objectVersion = 48;
	objects = {

/* Begin PBXBuildFile section */
		43552C8920E9E31C00C81CB8 /* AppDelegate.swift in Sources */ = {isa = PBXBuildFile; fileRef = 43552C8820E9E31C00C81CB8 /* AppDelegate.swift */; };
		43552C8B20E9E31C00C81CB8 /* ViewController.swift in Sources */ = {isa = PBXBuildFile; fileRef = 43552C8A20E9E31C00C81CB8 /* ViewController.swift */; };
		43552C8E20E9E31C00C81CB8 /* Main.storyboard in Resources */ = {isa = PBXBuildFile; fileRef = 43552C8C20E9E31C00C81CB8 /* Main.storyboard */; };
		43552C9120E9E31C00C81CB8 /* githubpractice.xcdatamodeld in Sources */ = {isa = PBXBuildFile; fileRef = 43552C8F20E9E31C00C81CB8 /* githubpractice.xcdatamodeld */; };
		43552C9320E9E31C00C81CB8 /* Assets.xcassets in Resources */ = {isa = PBXBuildFile; fileRef = 43552C9220E9E31C00C81CB8 /* Assets.xcassets */; };
		43552C9620E9E31C00C81CB8 /* LaunchScreen.storyboard in Resources */ = {isa = PBXBuildFile; fileRef = 43552C9420E9E31C00C81CB8 /* LaunchScreen.storyboard */; };
/* End PBXBuildFile section */

/* Begin PBXFileReference section */
		43552C8520E9E31C00C81CB8 /* githubpractice.app */ = {isa = PBXFileReference; explicitFileType = wrapper.application; includeInIndex = 0; path = githubpractice.app; sourceTree = BUILT_PRODUCTS_DIR; };
		43552C8820E9E31C00C81CB8 /* AppDelegate.swift */ = {isa = PBXFileReference; lastKnownFileType = sourcecode.swift; path = AppDelegate.swift; sourceTree = "<group>"; };
		43552C8A20E9E31C00C81CB8 /* ViewController.swift */ = {isa = PBXFileReference; lastKnownFileType = sourcecode.swift; path = ViewController.swift; sourceTree = "<group>"; };
		43552C8D20E9E31C00C81CB8 /* Base */ = {isa = PBXFileReference; lastKnownFileType = file.storyboard; name = Base; path = Base.lproj/Main.storyboard; sourceTree = "<group>"; };
		43552C9020E9E31C00C81CB8 /* githubpractice.xcdatamodel */ = {isa = PBXFileReference; lastKnownFileType = wrapper.xcdatamodel; path = githubpractice.xcdatamodel; sourceTree = "<group>"; };
		43552C9220E9E31C00C81CB8 /* Assets.xcassets */ = {isa = PBXFileReference; lastKnownFileType = folder.assetcatalog; path = Assets.xcassets; sourceTree = "<group>"; };
		43552C9520E9E31C00C81CB8 /* Base */ = {isa = PBXFileReference; lastKnownFileType = file.storyboard; name = Base; path = Base.lproj/LaunchScreen.storyboard; sourceTree = "<group>"; };
		43552C9720E9E31C00C81CB8 /* Info.plist */ = {isa = PBXFileReference; lastKnownFileType = text.plist.xml; path = Info.plist; sourceTree = "<group>"; };
/* End PBXFileReference section */

/* Begin PBXFrameworksBuildPhase section */
		43552C8220E9E31C00C81CB8 /* Frameworks */ = {
			isa = PBXFrameworksBuildPhase;
			buildActionMask = 2147483647;
			files = (
			);
			runOnlyForDeploymentPostprocessing = 0;
		};
/* End PBXFrameworksBuildPhase section */

/* Begin PBXGroup section */
		43552C7C20E9E31C00C81CB8 = {
			isa = PBXGroup;
			children = (
				43552C8720E9E31C00C81CB8 /* githubpractice */,
				43552C8620E9E31C00C81CB8 /* Products */,
			);
			sourceTree = "<group>";
		};
		43552C8620E9E31C00C81CB8 /* Products */ = {
			isa = PBXGroup;
			children = (
				43552C8520E9E31C00C81CB8 /* githubpractice.app */,
			);
			name = Products;
			sourceTree = "<group>";
		};
		43552C8720E9E31C00C81CB8 /* githubpractice */ = {
			isa = PBXGroup;
			children = (
				43552C8820E9E31C00C81CB8 /* AppDelegate.swift */,
				43552C8A20E9E31C00C81CB8 /* ViewController.swift */,
				43552C8C20E9E31C00C81CB8 /* Main.storyboard */,
				43552C9220E9E31C00C81CB8 /* Assets.xcassets */,
				43552C9420E9E31C00C81CB8 /* LaunchScreen.storyboard */,
				43552C9720E9E31C00C81CB8 /* Info.plist */,
				43552C8F20E9E31C00C81CB8 /* githubpractice.xcdatamodeld */,
			);
			path = githubpractice;
			sourceTree = "<group>";
		};
/* End PBXGroup section */

/* Begin PBXNativeTarget section */
		43552C8420E9E31C00C81CB8 /* githubpractice */ = {
			isa = PBXNativeTarget;
			buildConfigurationList = 43552C9A20E9E31C00C81CB8 /* Build configuration list for PBXNativeTarget "githubpractice" */;
			buildPhases = (
				43552C8120E9E31C00C81CB8 /* Sources */,
				43552C8220E9E31C00C81CB8 /* Frameworks */,
				43552C8320E9E31C00C81CB8 /* Resources */,
			);
			buildRules = (
			);
			dependencies = (
			);
			name = githubpractice;
			productName = githubpractice;
			productReference = 43552C8520E9E31C00C81CB8 /* githubpractice.app */;
			productType = "com.apple.product-type.application";
		};
/* End PBXNativeTarget section */

/* Begin PBXProject section */
		43552C7D20E9E31C00C81CB8 /* Project object */ = {
			isa = PBXProject;
			attributes = {
				LastSwiftUpdateCheck = 0920;
				LastUpgradeCheck = 0920;
				ORGANIZATIONNAME = brn;
				TargetAttributes = {
					43552C8420E9E31C00C81CB8 = {
						CreatedOnToolsVersion = 9.2;
						ProvisioningStyle = Automatic;
					};
				};
			};
			buildConfigurationList = 43552C8020E9E31C00C81CB8 /* Build configuration list for PBXProject "githubpractice" */;
			compatibilityVersion = "Xcode 8.0";
			developmentRegion = en;
			hasScannedForEncodings = 0;
			knownRegions = (
				en,
				Base,
			);
			mainGroup = 43552C7C20E9E31C00C81CB8;
			productRefGroup = 43552C8620E9E31C00C81CB8 /* Products */;
			projectDirPath = "";
			projectRoot = "";
			targets = (
				43552C8420E9E31C00C81CB8 /* githubpractice */,
			);
		};
/* End PBXProject section */

/* Begin PBXResourcesBuildPhase section */
		43552C8320E9E31C00C81CB8 /* Resources */ = {
			isa = PBXResourcesBuildPhase;
			buildActionMask = 2147483647;
			files = (
				43552C9620E9E31C00C81CB8 /* LaunchScreen.storyboard in Resources */,
				43552C9320E9E31C00C81CB8 /* Assets.xcassets in Resources */,
				43552C8E20E9E31C00C81CB8 /* Main.storyboard in Resources */,
			);
			runOnlyForDeploymentPostprocessing = 0;
		};
/* End PBXResourcesBuildPhase section */

/* Begin PBXSourcesBuildPhase section */
		43552C8120E9E31C00C81CB8 /* Sources */ = {
			isa = PBXSourcesBuildPhase;
			buildActionMask = 2147483647;
			files = (
				43552C9120E9E31C00C81CB8 /* githubpractice.xcdatamodeld in Sources */,
				43552C8B20E9E31C00C81CB8 /* ViewController.swift in Sources */,
				43552C8920E9E31C00C81CB8 /* AppDelegate.swift in Sources */,
			);
			runOnlyForDeploymentPostprocessing = 0;
		};
/* End PBXSourcesBuildPhase section */

/* Begin PBXVariantGroup section */
		43552C8C20E9E31C00C81CB8 /* Main.storyboard */ = {
			isa = PBXVariantGroup;
			children = (
				43552C8D20E9E31C00C81CB8 /* Base */,
			);
			name = Main.storyboard;
			sourceTree = "<group>";
		};
		43552C9420E9E31C00C81CB8 /* LaunchScreen.storyboard */ = {
			isa = PBXVariantGroup;
			children = (
				43552C9520E9E31C00C81CB8 /* Base */,
			);
			name = LaunchScreen.storyboard;
			sourceTree = "<group>";
		};
/* End PBXVariantGroup section */

/* Begin XCBuildConfiguration section */
		43552C9820E9E31C00C81CB8 /* Debug */ = {
			isa = XCBuildConfiguration;
			buildSettings = {
				ALWAYS_SEARCH_USER_PATHS = NO;
				CLANG_ANALYZER_NONNULL = YES;
				CLANG_ANALYZER_NUMBER_OBJECT_CONVERSION = YES_AGGRESSIVE;
				CLANG_CXX_LANGUAGE_STANDARD = "gnu++14";
				CLANG_CXX_LIBRARY = "libc++";
				CLANG_ENABLE_MODULES = YES;
				CLANG_ENABLE_OBJC_ARC = YES;
				CLANG_WARN_BLOCK_CAPTURE_AUTORELEASING = YES;
				CLANG_WARN_BOOL_CONVERSION = YES;
				CLANG_WARN_COMMA = YES;
				CLANG_WARN_CONSTANT_CONVERSION = YES;
				CLANG_WARN_DIRECT_OBJC_ISA_USAGE = YES_ERROR;
				CLANG_WARN_DOCUMENTATION_COMMENTS = YES;
				CLANG_WARN_EMPTY_BODY = YES;
				CLANG_WARN_ENUM_CONVERSION = YES;
				CLANG_WARN_INFINITE_RECURSION = YES;
				CLANG_WARN_INT_CONVERSION = YES;
				CLANG_WARN_NON_LITERAL_NULL_CONVERSION = YES;
				CLANG_WARN_OBJC_LITERAL_CONVERSION = YES;
				CLANG_WARN_OBJC_ROOT_CLASS = YES_ERROR;
				CLANG_WARN_RANGE_LOOP_ANALYSIS = YES;
				CLANG_WARN_STRICT_PROTOTYPES = YES;
				CLANG_WARN_SUSPICIOUS_MOVE = YES;
				CLANG_WARN_UNGUARDED_AVAILABILITY = YES_AGGRESSIVE;
				CLANG_WARN_UNREACHABLE_CODE = YES;
				CLANG_WARN__DUPLICATE_METHOD_MATCH = YES;
				CODE_SIGN_IDENTITY = "iPhone Developer";
				COPY_PHASE_STRIP = NO;
				DEBUG_INFORMATION_FORMAT = dwarf;
				ENABLE_STRICT_OBJC_MSGSEND = YES;
				ENABLE_TESTABILITY = YES;
				GCC_C_LANGUAGE_STANDARD = gnu11;
				GCC_DYNAMIC_NO_PIC = NO;
				GCC_NO_COMMON_BLOCKS = YES;
				GCC_OPTIMIZATION_LEVEL = 0;
				GCC_PREPROCESSOR_DEFINITIONS = (
					"DEBUG=1",
					"$(inherited)",
				);
				GCC_WARN_64_TO_32_BIT_CONVERSION = YES;
				GCC_WARN_ABOUT_RETURN_TYPE = YES_ERROR;
				GCC_WARN_UNDECLARED_SELECTOR = YES;
				GCC_WARN_UNINITIALIZED_AUTOS = YES_AGGRESSIVE;
				GCC_WARN_UNUSED_FUNCTION = YES;
				GCC_WARN_UNUSED_VARIABLE = YES;
				IPHONEOS_DEPLOYMENT_TARGET = 11.2;
				MTL_ENABLE_DEBUG_INFO = YES;
				ONLY_ACTIVE_ARCH = YES;
				SDKROOT = iphoneos;
				SWIFT_ACTIVE_COMPILATION_CONDITIONS = DEBUG;
				SWIFT_OPTIMIZATION_LEVEL = "-Onone";
			};
			name = Debug;
		};
		43552C9920E9E31C00C81CB8 /* Release */ = {
			isa = XCBuildConfiguration;
			buildSettings = {
				ALWAYS_SEARCH_USER_PATHS = NO;
				CLANG_ANALYZER_NONNULL = YES;
				CLANG_ANALYZER_NUMBER_OBJECT_CONVERSION = YES_AGGRESSIVE;
				CLANG_CXX_LANGUAGE_STANDARD = "gnu++14";
				CLANG_CXX_LIBRARY = "libc++";
				CLANG_ENABLE_MODULES = YES;
				CLANG_ENABLE_OBJC_ARC = YES;
				CLANG_WARN_BLOCK_CAPTURE_AUTORELEASING = YES;
				CLANG_WARN_BOOL_CONVERSION = YES;
				CLANG_WARN_COMMA = YES;
				CLANG_WARN_CONSTANT_CONVERSION = YES;
				CLANG_WARN_DIRECT_OBJC_ISA_USAGE = YES_ERROR;
				CLANG_WARN_DOCUMENTATION_COMMENTS = YES;
				CLANG_WARN_EMPTY_BODY = YES;
				CLANG_WARN_ENUM_CONVERSION = YES;
				CLANG_WARN_INFINITE_RECURSION = YES;
				CLANG_WARN_INT_CONVERSION = YES;
				CLANG_WARN_NON_LITERAL_NULL_CONVERSION = YES;
				CLANG_WARN_OBJC_LITERAL_CONVERSION = YES;
				CLANG_WARN_OBJC_ROOT_CLASS = YES_ERROR;
				CLANG_WARN_RANGE_LOOP_ANALYSIS = YES;
				CLANG_WARN_STRICT_PROTOTYPES = YES;
				CLANG_WARN_SUSPICIOUS_MOVE = YES;
				CLANG_WARN_UNGUARDED_AVAILABILITY = YES_AGGRESSIVE;
				CLANG_WARN_UNREACHABLE_CODE = YES;
				CLANG_WARN__DUPLICATE_METHOD_MATCH = YES;
				CODE_SIGN_IDENTITY = "iPhone Developer";
				COPY_PHASE_STRIP = NO;
				DEBUG_INFORMATION_FORMAT = "dwarf-with-dsym";
				ENABLE_NS_ASSERTIONS = NO;
				ENABLE_STRICT_OBJC_MSGSEND = YES;
				GCC_C_LANGUAGE_STANDARD = gnu11;
				GCC_NO_COMMON_BLOCKS = YES;
				GCC_WARN_64_TO_32_BIT_CONVERSION = YES;
				GCC_WARN_ABOUT_RETURN_TYPE = YES_ERROR;
				GCC_WARN_UNDECLARED_SELECTOR = YES;
				GCC_WARN_UNINITIALIZED_AUTOS = YES_AGGRESSIVE;
				GCC_WARN_UNUSED_FUNCTION = YES;
				GCC_WARN_UNUSED_VARIABLE = YES;
				IPHONEOS_DEPLOYMENT_TARGET = 11.2;
				MTL_ENABLE_DEBUG_INFO = NO;
				SDKROOT = iphoneos;
				SWIFT_OPTIMIZATION_LEVEL = "-Owholemodule";
				VALIDATE_PRODUCT = YES;
			};
			name = Release;
		};
		43552C9B20E9E31C00C81CB8 /* Debug */ = {
			isa = XCBuildConfiguration;
			buildSettings = {
				ASSETCATALOG_COMPILER_APPICON_NAME = AppIcon;
				CODE_SIGN_STYLE = Automatic;
				INFOPLIST_FILE = githubpractice/Info.plist;
				LD_RUNPATH_SEARCH_PATHS = "$(inherited) @executable_path/Frameworks";
				PRODUCT_BUNDLE_IDENTIFIER = vinod.githubpractice;
				PRODUCT_NAME = "$(TARGET_NAME)";
				SWIFT_VERSION = 4.0;
				TARGETED_DEVICE_FAMILY = "1,2";
			};
			name = Debug;
		};
		43552C9C20E9E31C00C81CB8 /* Release */ = {
			isa = XCBuildConfiguration;
			buildSettings = {
				ASSETCATALOG_COMPILER_APPICON_NAME = AppIcon;
				CODE_SIGN_STYLE = Automatic;
				INFOPLIST_FILE = githubpractice/Info.plist;
				LD_RUNPATH_SEARCH_PATHS = "$(inherited) @executable_path/Frameworks";
				PRODUCT_BUNDLE_IDENTIFIER = vinod.githubpractice;
				PRODUCT_NAME = "$(TARGET_NAME)";
				SWIFT_VERSION = 4.0;
				TARGETED_DEVICE_FAMILY = "1,2";
			};
			name = Release;
		};
/* End XCBuildConfiguration section */

/* Begin XCConfigurationList section */
		43552C8020E9E31C00C81CB8 /* Build configuration list for PBXProject "githubpractice" */ = {
			isa = XCConfigurationList;
			buildConfigurations = (
				43552C9820E9E31C00C81CB8 /* Debug */,
				43552C9920E9E31C00C81CB8 /* Release */,
			);
			defaultConfigurationIsVisible = 0;
			defaultConfigurationName = Release;
		};
		43552C9A20E9E31C00C81CB8 /* Build configuration list for PBXNativeTarget "githubpractice" */ = {
			isa = XCConfigurationList;
			buildConfigurations = (
				43552C9B20E9E31C00C81CB8 /* Debug */,
				43552C9C20E9E31C00C81CB8 /* Release */,
			);
			defaultConfigurationIsVisible = 0;
			defaultConfigurationName = Release;
		};
/* End XCConfigurationList section */

/* Begin XCVersionGroup section */
		43552C8F20E9E31C00C81CB8 /* githubpractice.xcdatamodeld */ = {
			isa = XCVersionGroup;
			children = (
				43552C9020E9E31C00C81CB8 /* githubpractice.xcdatamodel */,
			);
			currentVersion = 43552C9020E9E31C00C81CB8 /* githubpractice.xcdatamodel */;
			path = githubpractice.xcdatamodeld;
			sourceTree = "<group>";
			versionGroupType = wrapper.xcdatamodel;
		};
/* End XCVersionGroup section */
	};
	rootObject = 43552C7D20E9E31C00C81CB8 /* Project object */;
}
